
Microsoft Visual Studio Solution File, Format Version 12.00
# Visual Studio Version 17
VisualStudioVersion = 17.13.35913.81 d17.13
MinimumVisualStudioVersion = 10.0.40219.1
Project("{FAE04EC0-301F-11D3-BF4B-00C04F79EFBC}") = "clasesAbstractas 1", "clasesAbstractas 1.csproj", "{527465BF-934C-4005-8C30-4D31B731B3DB}"
EndProject
Global
	GlobalSection(SolutionConfigurationPlatforms) = preSolution
		Debug|Any CPU = Debug|Any CPU
		Release|Any CPU = Release|Any CPU
	EndGlobalSection
	GlobalSection(ProjectConfigurationPlatforms) = postSolution
		{527465BF-934C-4005-8C30-4D31B731B3DB}.Debug|Any CPU.ActiveCfg = Debug|Any CPU
		{527465BF-934C-4005-8C30-4D31B731B3DB}.Debug|Any CPU.Build.0 = Debug|Any CPU
		{527465BF-934C-4005-8C30-4D31B731B3DB}.Release|Any CPU.ActiveCfg = Release|Any CPU
		{527465BF-934C-4005-8C30-4D31B731B3DB}.Release|Any CPU.Build.0 = Release|Any CPU
	EndGlobalSection
	GlobalSection(SolutionProperties) = preSolution
		HideSolutionNode = FALSE
	EndGlobalSection
	GlobalSection(ExtensibilityGlobals) = postSolution
		SolutionGuid = {1FC68EFB-C63B-49EB-A8FC-D39A5634D500}
	EndGlobalSection
EndGlobal
